// !$*UTF8*$!
{
	archiveVersion = 1;
	classes = {
	};
	objectVersion = 50;
	objects = {

/* Begin PBXBuildFile section */
		401F910827CA11D20076DFFD /* XCTestCase+FailableRetrieveFeedStoreSpecs.swift in Sources */ = {isa = PBXBuildFile; fileRef = 401F910727CA11D20076DFFD /* XCTestCase+FailableRetrieveFeedStoreSpecs.swift */; };
		401F910A27CA125B0076DFFD /* XCTestCase+FailableInsertFeedStoreSpecs.swift in Sources */ = {isa = PBXBuildFile; fileRef = 401F910927CA125B0076DFFD /* XCTestCase+FailableInsertFeedStoreSpecs.swift */; };
		401F910C27CA13120076DFFD /* XCTestCase+FailableDeleteFeedStoreSpecs.swift in Sources */ = {isa = PBXBuildFile; fileRef = 401F910B27CA13120076DFFD /* XCTestCase+FailableDeleteFeedStoreSpecs.swift */; };
		401F910E27CA17A30076DFFD /* CoreDataFeedStoreTests.swift in Sources */ = {isa = PBXBuildFile; fileRef = 401F910D27CA17A30076DFFD /* CoreDataFeedStoreTests.swift */; };
		401F911227CA192B0076DFFD /* CoreDataFeedStore.swift in Sources */ = {isa = PBXBuildFile; fileRef = 401F911127CA192B0076DFFD /* CoreDataFeedStore.swift */; };
		4043CDE527C6CE60006BA6AA /* CodableFeedStore.swift in Sources */ = {isa = PBXBuildFile; fileRef = 4043CDE427C6CE60006BA6AA /* CodableFeedStore.swift */; };
		4070B21E27BD9B2400047005 /* ValidateFeedCacheUseCaseTests.swift in Sources */ = {isa = PBXBuildFile; fileRef = 4070B21D27BD9B2400047005 /* ValidateFeedCacheUseCaseTests.swift */; };
		4070B22027BD9FCC00047005 /* FeedCacheTestHelpers.swift in Sources */ = {isa = PBXBuildFile; fileRef = 4070B21F27BD9FCC00047005 /* FeedCacheTestHelpers.swift */; };
		4070B22227BDA0D400047005 /* SharedTestHelpers.swift in Sources */ = {isa = PBXBuildFile; fileRef = 4070B22127BDA0D400047005 /* SharedTestHelpers.swift */; };
		4095D2F227A4918A00534A47 /* EssentialFeedAPIEndToEndTests.swift in Sources */ = {isa = PBXBuildFile; fileRef = 4095D2F127A4918A00534A47 /* EssentialFeedAPIEndToEndTests.swift */; };
		4095D2F627A4996E00534A47 /* XCTestCase+MemoryLeakTracking.swift in Sources */ = {isa = PBXBuildFile; fileRef = 84095EF8275271790099B4D0 /* XCTestCase+MemoryLeakTracking.swift */; };
		409686A127C2D09D0096D2A3 /* FeedCachePolicy.swift in Sources */ = {isa = PBXBuildFile; fileRef = 409686A027C2D09D0096D2A3 /* FeedCachePolicy.swift */; };
		409686A327C37DCE0096D2A3 /* CodableFeedStoreTests.swift in Sources */ = {isa = PBXBuildFile; fileRef = 409686A227C37DCD0096D2A3 /* CodableFeedStoreTests.swift */; };
		40F40C4327C81CB9004C694A /* FeedStoreSpecs.swift in Sources */ = {isa = PBXBuildFile; fileRef = 40F40C4227C81CB9004C694A /* FeedStoreSpecs.swift */; };
		40F40C4527C81D3B004C694A /* XCTestCase+FeedStoreSpecs.swift in Sources */ = {isa = PBXBuildFile; fileRef = 40F40C4427C81D3B004C694A /* XCTestCase+FeedStoreSpecs.swift */; };
		84095EF9275271790099B4D0 /* XCTestCase+MemoryLeakTracking.swift in Sources */ = {isa = PBXBuildFile; fileRef = 84095EF8275271790099B4D0 /* XCTestCase+MemoryLeakTracking.swift */; };
		84095EFB27528C690099B4D0 /* URLSessionHTTPClient.swift in Sources */ = {isa = PBXBuildFile; fileRef = 84095EFA27528C690099B4D0 /* URLSessionHTTPClient.swift */; };
		8432624E27B0172100367338 /* CacheFeedUseCaseTests.swift in Sources */ = {isa = PBXBuildFile; fileRef = 8432624D27B0172100367338 /* CacheFeedUseCaseTests.swift */; };
		8432625627B05F0000367338 /* LocalFeedLoader.swift in Sources */ = {isa = PBXBuildFile; fileRef = 8432625527B05F0000367338 /* LocalFeedLoader.swift */; };
		8432625827B05F1D00367338 /* FeedStore.swift in Sources */ = {isa = PBXBuildFile; fileRef = 8432625727B05F1D00367338 /* FeedStore.swift */; };
		8432625A27B06C4000367338 /* RemoteFeedItem.swift in Sources */ = {isa = PBXBuildFile; fileRef = 8432625927B06C4000367338 /* RemoteFeedItem.swift */; };
		8432625C27B06CB900367338 /* LocalFeedImage.swift in Sources */ = {isa = PBXBuildFile; fileRef = 8432625B27B06CB900367338 /* LocalFeedImage.swift */; };
		8432625E27B1B99500367338 /* LoadFeedFromCacheUseCaseTests.swift in Sources */ = {isa = PBXBuildFile; fileRef = 8432625D27B1B99500367338 /* LoadFeedFromCacheUseCaseTests.swift */; };
		8432626127B1BAD600367338 /* FeedStoreSpy.swift in Sources */ = {isa = PBXBuildFile; fileRef = 8432626027B1BAD600367338 /* FeedStoreSpy.swift */; };
		844AEC98274AB7A6003212BD /* URLSessionHTTPClientTests.swift in Sources */ = {isa = PBXBuildFile; fileRef = 844AEC97274AB7A6003212BD /* URLSessionHTTPClientTests.swift */; };
		847B788526F67362006D62DC /* AppDelegate.swift in Sources */ = {isa = PBXBuildFile; fileRef = 847B788426F67362006D62DC /* AppDelegate.swift */; };
		847B788726F67362006D62DC /* SceneDelegate.swift in Sources */ = {isa = PBXBuildFile; fileRef = 847B788626F67362006D62DC /* SceneDelegate.swift */; };
		847B788926F67362006D62DC /* ViewController.swift in Sources */ = {isa = PBXBuildFile; fileRef = 847B788826F67362006D62DC /* ViewController.swift */; };
		847B788C26F67362006D62DC /* Main.storyboard in Resources */ = {isa = PBXBuildFile; fileRef = 847B788A26F67362006D62DC /* Main.storyboard */; };
		847B788E26F67363006D62DC /* Assets.xcassets in Resources */ = {isa = PBXBuildFile; fileRef = 847B788D26F67363006D62DC /* Assets.xcassets */; };
		847B789126F67363006D62DC /* LaunchScreen.storyboard in Resources */ = {isa = PBXBuildFile; fileRef = 847B788F26F67363006D62DC /* LaunchScreen.storyboard */; };
		847B789C26F67363006D62DC /* EssentialFeedTests.swift in Sources */ = {isa = PBXBuildFile; fileRef = 847B789B26F67363006D62DC /* EssentialFeedTests.swift */; };
		847B78A726F67363006D62DC /* EssentialFeedUITests.swift in Sources */ = {isa = PBXBuildFile; fileRef = 847B78A626F67363006D62DC /* EssentialFeedUITests.swift */; };
		847B78B526F6746D006D62DC /* FeedImage.swift in Sources */ = {isa = PBXBuildFile; fileRef = 847B78B426F6746D006D62DC /* FeedImage.swift */; };
		847B78B726F674B3006D62DC /* FeedLoader.swift in Sources */ = {isa = PBXBuildFile; fileRef = 847B78B626F674B3006D62DC /* FeedLoader.swift */; };
		847B78B926F67525006D62DC /* LoadFeedFromRemoteUseCaseTests.swift in Sources */ = {isa = PBXBuildFile; fileRef = 847B78B826F67525006D62DC /* LoadFeedFromRemoteUseCaseTests.swift */; };
		847B78BD2716A46B006D62DC /* RemoteFeedLoader.swift in Sources */ = {isa = PBXBuildFile; fileRef = 847B78BC2716A46B006D62DC /* RemoteFeedLoader.swift */; };
		84D41B6F27345B5E00C63604 /* HTTPClient.swift in Sources */ = {isa = PBXBuildFile; fileRef = 84D41B6E27345B5E00C63604 /* HTTPClient.swift */; };
		84D41B7127345BA600C63604 /* FeedItemsMapper.swift in Sources */ = {isa = PBXBuildFile; fileRef = 84D41B7027345BA600C63604 /* FeedItemsMapper.swift */; };
/* End PBXBuildFile section */

/* Begin PBXContainerItemProxy section */
		4095D2EB27A4913600534A47 /* PBXContainerItemProxy */ = {
			isa = PBXContainerItemProxy;
			containerPortal = 847B787926F67362006D62DC /* Project object */;
			proxyType = 1;
			remoteGlobalIDString = 847B788026F67362006D62DC;
			remoteInfo = EssentialFeed;
		};
		847B789826F67363006D62DC /* PBXContainerItemProxy */ = {
			isa = PBXContainerItemProxy;
			containerPortal = 847B787926F67362006D62DC /* Project object */;
			proxyType = 1;
			remoteGlobalIDString = 847B788026F67362006D62DC;
			remoteInfo = EssentialFeed;
		};
		847B78A326F67363006D62DC /* PBXContainerItemProxy */ = {
			isa = PBXContainerItemProxy;
			containerPortal = 847B787926F67362006D62DC /* Project object */;
			proxyType = 1;
			remoteGlobalIDString = 847B788026F67362006D62DC;
			remoteInfo = EssentialFeed;
		};
/* End PBXContainerItemProxy section */

/* Begin PBXFileReference section */
		401F910727CA11D20076DFFD /* XCTestCase+FailableRetrieveFeedStoreSpecs.swift */ = {isa = PBXFileReference; lastKnownFileType = sourcecode.swift; path = "XCTestCase+FailableRetrieveFeedStoreSpecs.swift"; sourceTree = "<group>"; };
		401F910927CA125B0076DFFD /* XCTestCase+FailableInsertFeedStoreSpecs.swift */ = {isa = PBXFileReference; lastKnownFileType = sourcecode.swift; path = "XCTestCase+FailableInsertFeedStoreSpecs.swift"; sourceTree = "<group>"; };
		401F910B27CA13120076DFFD /* XCTestCase+FailableDeleteFeedStoreSpecs.swift */ = {isa = PBXFileReference; lastKnownFileType = sourcecode.swift; path = "XCTestCase+FailableDeleteFeedStoreSpecs.swift"; sourceTree = "<group>"; };
		401F910D27CA17A30076DFFD /* CoreDataFeedStoreTests.swift */ = {isa = PBXFileReference; lastKnownFileType = sourcecode.swift; path = CoreDataFeedStoreTests.swift; sourceTree = "<group>"; };
		401F911127CA192B0076DFFD /* CoreDataFeedStore.swift */ = {isa = PBXFileReference; lastKnownFileType = sourcecode.swift; path = CoreDataFeedStore.swift; sourceTree = "<group>"; };
		4043CDE427C6CE60006BA6AA /* CodableFeedStore.swift */ = {isa = PBXFileReference; lastKnownFileType = sourcecode.swift; path = CodableFeedStore.swift; sourceTree = "<group>"; };
		4070B21D27BD9B2400047005 /* ValidateFeedCacheUseCaseTests.swift */ = {isa = PBXFileReference; lastKnownFileType = sourcecode.swift; path = ValidateFeedCacheUseCaseTests.swift; sourceTree = "<group>"; };
		4070B21F27BD9FCC00047005 /* FeedCacheTestHelpers.swift */ = {isa = PBXFileReference; lastKnownFileType = sourcecode.swift; path = FeedCacheTestHelpers.swift; sourceTree = "<group>"; };
		4070B22127BDA0D400047005 /* SharedTestHelpers.swift */ = {isa = PBXFileReference; lastKnownFileType = sourcecode.swift; path = SharedTestHelpers.swift; sourceTree = "<group>"; };
		4095D2E727A4913600534A47 /* EssentialFeedAPIEndToEndTests.xctest */ = {isa = PBXFileReference; explicitFileType = wrapper.cfbundle; includeInIndex = 0; path = EssentialFeedAPIEndToEndTests.xctest; sourceTree = BUILT_PRODUCTS_DIR; };
		4095D2F127A4918A00534A47 /* EssentialFeedAPIEndToEndTests.swift */ = {isa = PBXFileReference; fileEncoding = 4; lastKnownFileType = sourcecode.swift; path = EssentialFeedAPIEndToEndTests.swift; sourceTree = "<group>"; };
		409686A027C2D09D0096D2A3 /* FeedCachePolicy.swift */ = {isa = PBXFileReference; lastKnownFileType = sourcecode.swift; path = FeedCachePolicy.swift; sourceTree = "<group>"; };
		409686A227C37DCD0096D2A3 /* CodableFeedStoreTests.swift */ = {isa = PBXFileReference; lastKnownFileType = sourcecode.swift; path = CodableFeedStoreTests.swift; sourceTree = "<group>"; };
		40F40C4227C81CB9004C694A /* FeedStoreSpecs.swift */ = {isa = PBXFileReference; lastKnownFileType = sourcecode.swift; path = FeedStoreSpecs.swift; sourceTree = "<group>"; };
		40F40C4427C81D3B004C694A /* XCTestCase+FeedStoreSpecs.swift */ = {isa = PBXFileReference; lastKnownFileType = sourcecode.swift; path = "XCTestCase+FeedStoreSpecs.swift"; sourceTree = "<group>"; };
		84095EF8275271790099B4D0 /* XCTestCase+MemoryLeakTracking.swift */ = {isa = PBXFileReference; lastKnownFileType = sourcecode.swift; path = "XCTestCase+MemoryLeakTracking.swift"; sourceTree = "<group>"; };
		84095EFA27528C690099B4D0 /* URLSessionHTTPClient.swift */ = {isa = PBXFileReference; lastKnownFileType = sourcecode.swift; path = URLSessionHTTPClient.swift; sourceTree = "<group>"; };
		8432624D27B0172100367338 /* CacheFeedUseCaseTests.swift */ = {isa = PBXFileReference; lastKnownFileType = sourcecode.swift; path = CacheFeedUseCaseTests.swift; sourceTree = "<group>"; };
		8432625527B05F0000367338 /* LocalFeedLoader.swift */ = {isa = PBXFileReference; lastKnownFileType = sourcecode.swift; path = LocalFeedLoader.swift; sourceTree = "<group>"; };
		8432625727B05F1D00367338 /* FeedStore.swift */ = {isa = PBXFileReference; lastKnownFileType = sourcecode.swift; path = FeedStore.swift; sourceTree = "<group>"; };
		8432625927B06C4000367338 /* RemoteFeedItem.swift */ = {isa = PBXFileReference; lastKnownFileType = sourcecode.swift; path = RemoteFeedItem.swift; sourceTree = "<group>"; };
		8432625B27B06CB900367338 /* LocalFeedImage.swift */ = {isa = PBXFileReference; lastKnownFileType = sourcecode.swift; path = LocalFeedImage.swift; sourceTree = "<group>"; };
		8432625D27B1B99500367338 /* LoadFeedFromCacheUseCaseTests.swift */ = {isa = PBXFileReference; lastKnownFileType = sourcecode.swift; path = LoadFeedFromCacheUseCaseTests.swift; sourceTree = "<group>"; };
		8432626027B1BAD600367338 /* FeedStoreSpy.swift */ = {isa = PBXFileReference; lastKnownFileType = sourcecode.swift; path = FeedStoreSpy.swift; sourceTree = "<group>"; };
		844AEC97274AB7A6003212BD /* URLSessionHTTPClientTests.swift */ = {isa = PBXFileReference; lastKnownFileType = sourcecode.swift; path = URLSessionHTTPClientTests.swift; sourceTree = "<group>"; };
		847B788126F67362006D62DC /* EssentialFeed.app */ = {isa = PBXFileReference; explicitFileType = wrapper.application; includeInIndex = 0; path = EssentialFeed.app; sourceTree = BUILT_PRODUCTS_DIR; };
		847B788426F67362006D62DC /* AppDelegate.swift */ = {isa = PBXFileReference; lastKnownFileType = sourcecode.swift; path = AppDelegate.swift; sourceTree = "<group>"; };
		847B788626F67362006D62DC /* SceneDelegate.swift */ = {isa = PBXFileReference; lastKnownFileType = sourcecode.swift; path = SceneDelegate.swift; sourceTree = "<group>"; };
		847B788826F67362006D62DC /* ViewController.swift */ = {isa = PBXFileReference; lastKnownFileType = sourcecode.swift; path = ViewController.swift; sourceTree = "<group>"; };
		847B788B26F67362006D62DC /* Base */ = {isa = PBXFileReference; lastKnownFileType = file.storyboard; name = Base; path = Base.lproj/Main.storyboard; sourceTree = "<group>"; };
		847B788D26F67363006D62DC /* Assets.xcassets */ = {isa = PBXFileReference; lastKnownFileType = folder.assetcatalog; path = Assets.xcassets; sourceTree = "<group>"; };
		847B789026F67363006D62DC /* Base */ = {isa = PBXFileReference; lastKnownFileType = file.storyboard; name = Base; path = Base.lproj/LaunchScreen.storyboard; sourceTree = "<group>"; };
		847B789226F67363006D62DC /* Info.plist */ = {isa = PBXFileReference; lastKnownFileType = text.plist.xml; path = Info.plist; sourceTree = "<group>"; };
		847B789726F67363006D62DC /* EssentialFeedTests.xctest */ = {isa = PBXFileReference; explicitFileType = wrapper.cfbundle; includeInIndex = 0; path = EssentialFeedTests.xctest; sourceTree = BUILT_PRODUCTS_DIR; };
		847B789B26F67363006D62DC /* EssentialFeedTests.swift */ = {isa = PBXFileReference; lastKnownFileType = sourcecode.swift; path = EssentialFeedTests.swift; sourceTree = "<group>"; };
		847B789D26F67363006D62DC /* Info.plist */ = {isa = PBXFileReference; lastKnownFileType = text.plist.xml; path = Info.plist; sourceTree = "<group>"; };
		847B78A226F67363006D62DC /* EssentialFeedUITests.xctest */ = {isa = PBXFileReference; explicitFileType = wrapper.cfbundle; includeInIndex = 0; path = EssentialFeedUITests.xctest; sourceTree = BUILT_PRODUCTS_DIR; };
		847B78A626F67363006D62DC /* EssentialFeedUITests.swift */ = {isa = PBXFileReference; lastKnownFileType = sourcecode.swift; path = EssentialFeedUITests.swift; sourceTree = "<group>"; };
		847B78A826F67363006D62DC /* Info.plist */ = {isa = PBXFileReference; lastKnownFileType = text.plist.xml; path = Info.plist; sourceTree = "<group>"; };
		847B78B426F6746D006D62DC /* FeedImage.swift */ = {isa = PBXFileReference; lastKnownFileType = sourcecode.swift; path = FeedImage.swift; sourceTree = "<group>"; };
		847B78B626F674B3006D62DC /* FeedLoader.swift */ = {isa = PBXFileReference; lastKnownFileType = sourcecode.swift; path = FeedLoader.swift; sourceTree = "<group>"; };
		847B78B826F67525006D62DC /* LoadFeedFromRemoteUseCaseTests.swift */ = {isa = PBXFileReference; lastKnownFileType = sourcecode.swift; path = LoadFeedFromRemoteUseCaseTests.swift; sourceTree = "<group>"; };
		847B78BC2716A46B006D62DC /* RemoteFeedLoader.swift */ = {isa = PBXFileReference; lastKnownFileType = sourcecode.swift; path = RemoteFeedLoader.swift; sourceTree = "<group>"; };
		84D41B6E27345B5E00C63604 /* HTTPClient.swift */ = {isa = PBXFileReference; lastKnownFileType = sourcecode.swift; path = HTTPClient.swift; sourceTree = "<group>"; };
		84D41B7027345BA600C63604 /* FeedItemsMapper.swift */ = {isa = PBXFileReference; lastKnownFileType = sourcecode.swift; path = FeedItemsMapper.swift; sourceTree = "<group>"; };
/* End PBXFileReference section */

/* Begin PBXFrameworksBuildPhase section */
		4095D2E427A4913600534A47 /* Frameworks */ = {
			isa = PBXFrameworksBuildPhase;
			buildActionMask = 2147483647;
			files = (
			);
			runOnlyForDeploymentPostprocessing = 0;
		};
		847B787E26F67362006D62DC /* Frameworks */ = {
			isa = PBXFrameworksBuildPhase;
			buildActionMask = 2147483647;
			files = (
			);
			runOnlyForDeploymentPostprocessing = 0;
		};
		847B789426F67363006D62DC /* Frameworks */ = {
			isa = PBXFrameworksBuildPhase;
			buildActionMask = 2147483647;
			files = (
			);
			runOnlyForDeploymentPostprocessing = 0;
		};
		847B789F26F67363006D62DC /* Frameworks */ = {
			isa = PBXFrameworksBuildPhase;
			buildActionMask = 2147483647;
			files = (
			);
			runOnlyForDeploymentPostprocessing = 0;
		};
/* End PBXFrameworksBuildPhase section */

/* Begin PBXGroup section */
		401F910627CA0ED40076DFFD /* FeedStoreSpecs */ = {
			isa = PBXGroup;
			children = (
				40F40C4227C81CB9004C694A /* FeedStoreSpecs.swift */,
				40F40C4427C81D3B004C694A /* XCTestCase+FeedStoreSpecs.swift */,
				401F910727CA11D20076DFFD /* XCTestCase+FailableRetrieveFeedStoreSpecs.swift */,
				401F910927CA125B0076DFFD /* XCTestCase+FailableInsertFeedStoreSpecs.swift */,
				401F910B27CA13120076DFFD /* XCTestCase+FailableDeleteFeedStoreSpecs.swift */,
			);
			path = FeedStoreSpecs;
			sourceTree = "<group>";
		};
		401F910F27CA190E0076DFFD /* Infrastructure */ = {
			isa = PBXGroup;
			children = (
				401F911027CA19210076DFFD /* CoreData */,
			);
			path = Infrastructure;
			sourceTree = "<group>";
		};
		401F911027CA19210076DFFD /* CoreData */ = {
			isa = PBXGroup;
			children = (
				401F911127CA192B0076DFFD /* CoreDataFeedStore.swift */,
			);
			path = CoreData;
			sourceTree = "<group>";
		};
		4095D2E827A4913600534A47 /* EssentialFeedAPIEndToEndTests */ = {
			isa = PBXGroup;
			children = (
				4095D2F127A4918A00534A47 /* EssentialFeedAPIEndToEndTests.swift */,
			);
			path = EssentialFeedAPIEndToEndTests;
			sourceTree = "<group>";
		};
		84095EF7275271660099B4D0 /* Helpers */ = {
			isa = PBXGroup;
			children = (
				84095EF8275271790099B4D0 /* XCTestCase+MemoryLeakTracking.swift */,
				4070B22127BDA0D400047005 /* SharedTestHelpers.swift */,
			);
			path = Helpers;
			sourceTree = "<group>";
		};
		8432624B27B0170800367338 /* Feed Cache */ = {
			isa = PBXGroup;
			children = (
				401F910627CA0ED40076DFFD /* FeedStoreSpecs */,
				8432625F27B1BACA00367338 /* Helpers */,
				8432624D27B0172100367338 /* CacheFeedUseCaseTests.swift */,
				8432625D27B1B99500367338 /* LoadFeedFromCacheUseCaseTests.swift */,
				4070B21D27BD9B2400047005 /* ValidateFeedCacheUseCaseTests.swift */,
				409686A227C37DCD0096D2A3 /* CodableFeedStoreTests.swift */,
				401F910D27CA17A30076DFFD /* CoreDataFeedStoreTests.swift */,
			);
			path = "Feed Cache";
			sourceTree = "<group>";
		};
		8432625427B05EF100367338 /* Feed Cache */ = {
			isa = PBXGroup;
			children = (
				401F910F27CA190E0076DFFD /* Infrastructure */,
				8432625527B05F0000367338 /* LocalFeedLoader.swift */,
				8432625727B05F1D00367338 /* FeedStore.swift */,
				8432625B27B06CB900367338 /* LocalFeedImage.swift */,
				409686A027C2D09D0096D2A3 /* FeedCachePolicy.swift */,
				4043CDE427C6CE60006BA6AA /* CodableFeedStore.swift */,
			);
			path = "Feed Cache";
			sourceTree = "<group>";
		};
		8432625F27B1BACA00367338 /* Helpers */ = {
			isa = PBXGroup;
			children = (
				8432626027B1BAD600367338 /* FeedStoreSpy.swift */,
				4070B21F27BD9FCC00047005 /* FeedCacheTestHelpers.swift */,
			);
			path = Helpers;
			sourceTree = "<group>";
		};
		847B787826F67362006D62DC = {
			isa = PBXGroup;
			children = (
				847B788326F67362006D62DC /* EssentialFeed */,
				847B789A26F67363006D62DC /* EssentialFeedTests */,
				847B78A526F67363006D62DC /* EssentialFeedUITests */,
				4095D2E827A4913600534A47 /* EssentialFeedAPIEndToEndTests */,
				847B788226F67362006D62DC /* Products */,
			);
			sourceTree = "<group>";
		};
		847B788226F67362006D62DC /* Products */ = {
			isa = PBXGroup;
			children = (
				847B788126F67362006D62DC /* EssentialFeed.app */,
				847B789726F67363006D62DC /* EssentialFeedTests.xctest */,
				847B78A226F67363006D62DC /* EssentialFeedUITests.xctest */,
				4095D2E727A4913600534A47 /* EssentialFeedAPIEndToEndTests.xctest */,
			);
			name = Products;
			sourceTree = "<group>";
		};
		847B788326F67362006D62DC /* EssentialFeed */ = {
			isa = PBXGroup;
			children = (
				8432625427B05EF100367338 /* Feed Cache */,
				847B78BB2716A45A006D62DC /* Feed Feature */,
				847B78BA2716A451006D62DC /* Feed API */,
				847B788426F67362006D62DC /* AppDelegate.swift */,
				847B788626F67362006D62DC /* SceneDelegate.swift */,
				847B788826F67362006D62DC /* ViewController.swift */,
				847B788A26F67362006D62DC /* Main.storyboard */,
				847B788D26F67363006D62DC /* Assets.xcassets */,
				847B788F26F67363006D62DC /* LaunchScreen.storyboard */,
				847B789226F67363006D62DC /* Info.plist */,
			);
			path = EssentialFeed;
			sourceTree = "<group>";
		};
		847B789A26F67363006D62DC /* EssentialFeedTests */ = {
			isa = PBXGroup;
			children = (
				84095EF7275271660099B4D0 /* Helpers */,
				8432624B27B0170800367338 /* Feed Cache */,
				84D41B722734658600C63604 /* FeedAPI */,
				847B789B26F67363006D62DC /* EssentialFeedTests.swift */,
				847B789D26F67363006D62DC /* Info.plist */,
			);
			path = EssentialFeedTests;
			sourceTree = "<group>";
		};
		847B78A526F67363006D62DC /* EssentialFeedUITests */ = {
			isa = PBXGroup;
			children = (
				847B78A626F67363006D62DC /* EssentialFeedUITests.swift */,
				847B78A826F67363006D62DC /* Info.plist */,
			);
			path = EssentialFeedUITests;
			sourceTree = "<group>";
		};
		847B78BA2716A451006D62DC /* Feed API */ = {
			isa = PBXGroup;
			children = (
				847B78BC2716A46B006D62DC /* RemoteFeedLoader.swift */,
				84D41B6E27345B5E00C63604 /* HTTPClient.swift */,
				84D41B7027345BA600C63604 /* FeedItemsMapper.swift */,
				84095EFA27528C690099B4D0 /* URLSessionHTTPClient.swift */,
				8432625927B06C4000367338 /* RemoteFeedItem.swift */,
			);
			path = "Feed API";
			sourceTree = "<group>";
		};
		847B78BB2716A45A006D62DC /* Feed Feature */ = {
			isa = PBXGroup;
			children = (
				847B78B426F6746D006D62DC /* FeedImage.swift */,
				847B78B626F674B3006D62DC /* FeedLoader.swift */,
			);
			path = "Feed Feature";
			sourceTree = "<group>";
		};
		84D41B722734658600C63604 /* FeedAPI */ = {
			isa = PBXGroup;
			children = (
				847B78B826F67525006D62DC /* LoadFeedFromRemoteUseCaseTests.swift */,
				844AEC97274AB7A6003212BD /* URLSessionHTTPClientTests.swift */,
			);
			path = FeedAPI;
			sourceTree = "<group>";
		};
/* End PBXGroup section */

/* Begin PBXNativeTarget section */
		4095D2E627A4913600534A47 /* EssentialFeedAPIEndToEndTests */ = {
			isa = PBXNativeTarget;
			buildConfigurationList = 4095D2EF27A4913600534A47 /* Build configuration list for PBXNativeTarget "EssentialFeedAPIEndToEndTests" */;
			buildPhases = (
				4095D2E327A4913600534A47 /* Sources */,
				4095D2E427A4913600534A47 /* Frameworks */,
				4095D2E527A4913600534A47 /* Resources */,
			);
			buildRules = (
			);
			dependencies = (
				4095D2EC27A4913600534A47 /* PBXTargetDependency */,
			);
			name = EssentialFeedAPIEndToEndTests;
			productName = EssentialFeedAPIEndToEndTests;
			productReference = 4095D2E727A4913600534A47 /* EssentialFeedAPIEndToEndTests.xctest */;
			productType = "com.apple.product-type.bundle.unit-test";
		};
		847B788026F67362006D62DC /* EssentialFeed */ = {
			isa = PBXNativeTarget;
			buildConfigurationList = 847B78AB26F67363006D62DC /* Build configuration list for PBXNativeTarget "EssentialFeed" */;
			buildPhases = (
				847B787D26F67362006D62DC /* Sources */,
				847B787E26F67362006D62DC /* Frameworks */,
				847B787F26F67362006D62DC /* Resources */,
			);
			buildRules = (
			);
			dependencies = (
			);
			name = EssentialFeed;
			productName = EssentialFeed;
			productReference = 847B788126F67362006D62DC /* EssentialFeed.app */;
			productType = "com.apple.product-type.application";
		};
		847B789626F67363006D62DC /* EssentialFeedTests */ = {
			isa = PBXNativeTarget;
			buildConfigurationList = 847B78AE26F67363006D62DC /* Build configuration list for PBXNativeTarget "EssentialFeedTests" */;
			buildPhases = (
				847B789326F67363006D62DC /* Sources */,
				847B789426F67363006D62DC /* Frameworks */,
				847B789526F67363006D62DC /* Resources */,
			);
			buildRules = (
			);
			dependencies = (
				847B789926F67363006D62DC /* PBXTargetDependency */,
			);
			name = EssentialFeedTests;
			productName = EssentialFeedTests;
			productReference = 847B789726F67363006D62DC /* EssentialFeedTests.xctest */;
			productType = "com.apple.product-type.bundle.unit-test";
		};
		847B78A126F67363006D62DC /* EssentialFeedUITests */ = {
			isa = PBXNativeTarget;
			buildConfigurationList = 847B78B126F67363006D62DC /* Build configuration list for PBXNativeTarget "EssentialFeedUITests" */;
			buildPhases = (
				847B789E26F67363006D62DC /* Sources */,
				847B789F26F67363006D62DC /* Frameworks */,
				847B78A026F67363006D62DC /* Resources */,
			);
			buildRules = (
			);
			dependencies = (
				847B78A426F67363006D62DC /* PBXTargetDependency */,
			);
			name = EssentialFeedUITests;
			productName = EssentialFeedUITests;
			productReference = 847B78A226F67363006D62DC /* EssentialFeedUITests.xctest */;
			productType = "com.apple.product-type.bundle.ui-testing";
		};
/* End PBXNativeTarget section */

/* Begin PBXProject section */
		847B787926F67362006D62DC /* Project object */ = {
			isa = PBXProject;
			attributes = {
				LastSwiftUpdateCheck = 1320;
				LastUpgradeCheck = 1250;
				TargetAttributes = {
					4095D2E627A4913600534A47 = {
						CreatedOnToolsVersion = 13.2.1;
						LastSwiftMigration = 1320;
						TestTargetID = 847B788026F67362006D62DC;
					};
					847B788026F67362006D62DC = {
						CreatedOnToolsVersion = 12.5.1;
					};
					847B789626F67363006D62DC = {
						CreatedOnToolsVersion = 12.5.1;
						TestTargetID = 847B788026F67362006D62DC;
					};
					847B78A126F67363006D62DC = {
						CreatedOnToolsVersion = 12.5.1;
						TestTargetID = 847B788026F67362006D62DC;
					};
				};
			};
			buildConfigurationList = 847B787C26F67362006D62DC /* Build configuration list for PBXProject "EssentialFeed" */;
			compatibilityVersion = "Xcode 9.3";
			developmentRegion = en;
			hasScannedForEncodings = 0;
			knownRegions = (
				en,
				Base,
			);
			mainGroup = 847B787826F67362006D62DC;
			productRefGroup = 847B788226F67362006D62DC /* Products */;
			projectDirPath = "";
			projectRoot = "";
			targets = (
				847B788026F67362006D62DC /* EssentialFeed */,
				847B789626F67363006D62DC /* EssentialFeedTests */,
				847B78A126F67363006D62DC /* EssentialFeedUITests */,
				4095D2E627A4913600534A47 /* EssentialFeedAPIEndToEndTests */,
			);
		};
/* End PBXProject section */

/* Begin PBXResourcesBuildPhase section */
		4095D2E527A4913600534A47 /* Resources */ = {
			isa = PBXResourcesBuildPhase;
			buildActionMask = 2147483647;
			files = (
			);
			runOnlyForDeploymentPostprocessing = 0;
		};
		847B787F26F67362006D62DC /* Resources */ = {
			isa = PBXResourcesBuildPhase;
			buildActionMask = 2147483647;
			files = (
				847B789126F67363006D62DC /* LaunchScreen.storyboard in Resources */,
				847B788E26F67363006D62DC /* Assets.xcassets in Resources */,
				847B788C26F67362006D62DC /* Main.storyboard in Resources */,
			);
			runOnlyForDeploymentPostprocessing = 0;
		};
		847B789526F67363006D62DC /* Resources */ = {
			isa = PBXResourcesBuildPhase;
			buildActionMask = 2147483647;
			files = (
			);
			runOnlyForDeploymentPostprocessing = 0;
		};
		847B78A026F67363006D62DC /* Resources */ = {
			isa = PBXResourcesBuildPhase;
			buildActionMask = 2147483647;
			files = (
			);
			runOnlyForDeploymentPostprocessing = 0;
		};
/* End PBXResourcesBuildPhase section */

/* Begin PBXSourcesBuildPhase section */
		4095D2E327A4913600534A47 /* Sources */ = {
			isa = PBXSourcesBuildPhase;
			buildActionMask = 2147483647;
			files = (
				4095D2F227A4918A00534A47 /* EssentialFeedAPIEndToEndTests.swift in Sources */,
				4095D2F627A4996E00534A47 /* XCTestCase+MemoryLeakTracking.swift in Sources */,
			);
			runOnlyForDeploymentPostprocessing = 0;
		};
		847B787D26F67362006D62DC /* Sources */ = {
			isa = PBXSourcesBuildPhase;
			buildActionMask = 2147483647;
			files = (
				8432625C27B06CB900367338 /* LocalFeedImage.swift in Sources */,
				847B78B526F6746D006D62DC /* FeedImage.swift in Sources */,
				409686A127C2D09D0096D2A3 /* FeedCachePolicy.swift in Sources */,
				8432625827B05F1D00367338 /* FeedStore.swift in Sources */,
				8432625A27B06C4000367338 /* RemoteFeedItem.swift in Sources */,
				4043CDE527C6CE60006BA6AA /* CodableFeedStore.swift in Sources */,
				401F911227CA192B0076DFFD /* CoreDataFeedStore.swift in Sources */,
				847B788926F67362006D62DC /* ViewController.swift in Sources */,
				847B788526F67362006D62DC /* AppDelegate.swift in Sources */,
				84D41B7127345BA600C63604 /* FeedItemsMapper.swift in Sources */,
				8432625627B05F0000367338 /* LocalFeedLoader.swift in Sources */,
				84D41B6F27345B5E00C63604 /* HTTPClient.swift in Sources */,
				847B78B726F674B3006D62DC /* FeedLoader.swift in Sources */,
				847B78BD2716A46B006D62DC /* RemoteFeedLoader.swift in Sources */,
				847B788726F67362006D62DC /* SceneDelegate.swift in Sources */,
				84095EFB27528C690099B4D0 /* URLSessionHTTPClient.swift in Sources */,
			);
			runOnlyForDeploymentPostprocessing = 0;
		};
		847B789326F67363006D62DC /* Sources */ = {
			isa = PBXSourcesBuildPhase;
			buildActionMask = 2147483647;
			files = (
				401F910A27CA125B0076DFFD /* XCTestCase+FailableInsertFeedStoreSpecs.swift in Sources */,
				409686A327C37DCE0096D2A3 /* CodableFeedStoreTests.swift in Sources */,
				847B78B926F67525006D62DC /* LoadFeedFromRemoteUseCaseTests.swift in Sources */,
				401F910E27CA17A30076DFFD /* CoreDataFeedStoreTests.swift in Sources */,
				84095EF9275271790099B4D0 /* XCTestCase+MemoryLeakTracking.swift in Sources */,
				401F910827CA11D20076DFFD /* XCTestCase+FailableRetrieveFeedStoreSpecs.swift in Sources */,
				4070B22227BDA0D400047005 /* SharedTestHelpers.swift in Sources */,
				844AEC98274AB7A6003212BD /* URLSessionHTTPClientTests.swift in Sources */,
				8432624E27B0172100367338 /* CacheFeedUseCaseTests.swift in Sources */,
				4070B22027BD9FCC00047005 /* FeedCacheTestHelpers.swift in Sources */,
				4070B21E27BD9B2400047005 /* ValidateFeedCacheUseCaseTests.swift in Sources */,
				8432626127B1BAD600367338 /* FeedStoreSpy.swift in Sources */,
				8432625E27B1B99500367338 /* LoadFeedFromCacheUseCaseTests.swift in Sources */,
				401F910C27CA13120076DFFD /* XCTestCase+FailableDeleteFeedStoreSpecs.swift in Sources */,
				40F40C4327C81CB9004C694A /* FeedStoreSpecs.swift in Sources */,
				40F40C4527C81D3B004C694A /* XCTestCase+FeedStoreSpecs.swift in Sources */,
				847B789C26F67363006D62DC /* EssentialFeedTests.swift in Sources */,
			);
			runOnlyForDeploymentPostprocessing = 0;
		};
		847B789E26F67363006D62DC /* Sources */ = {
			isa = PBXSourcesBuildPhase;
			buildActionMask = 2147483647;
			files = (
				847B78A726F67363006D62DC /* EssentialFeedUITests.swift in Sources */,
			);
			runOnlyForDeploymentPostprocessing = 0;
		};
/* End PBXSourcesBuildPhase section */

/* Begin PBXTargetDependency section */
		4095D2EC27A4913600534A47 /* PBXTargetDependency */ = {
			isa = PBXTargetDependency;
			target = 847B788026F67362006D62DC /* EssentialFeed */;
			targetProxy = 4095D2EB27A4913600534A47 /* PBXContainerItemProxy */;
		};
		847B789926F67363006D62DC /* PBXTargetDependency */ = {
			isa = PBXTargetDependency;
			target = 847B788026F67362006D62DC /* EssentialFeed */;
			targetProxy = 847B789826F67363006D62DC /* PBXContainerItemProxy */;
		};
		847B78A426F67363006D62DC /* PBXTargetDependency */ = {
			isa = PBXTargetDependency;
			target = 847B788026F67362006D62DC /* EssentialFeed */;
			targetProxy = 847B78A326F67363006D62DC /* PBXContainerItemProxy */;
		};
/* End PBXTargetDependency section */

/* Begin PBXVariantGroup section */
		847B788A26F67362006D62DC /* Main.storyboard */ = {
			isa = PBXVariantGroup;
			children = (
				847B788B26F67362006D62DC /* Base */,
			);
			name = Main.storyboard;
			sourceTree = "<group>";
		};
		847B788F26F67363006D62DC /* LaunchScreen.storyboard */ = {
			isa = PBXVariantGroup;
			children = (
				847B789026F67363006D62DC /* Base */,
			);
			name = LaunchScreen.storyboard;
			sourceTree = "<group>";
		};
/* End PBXVariantGroup section */

/* Begin XCBuildConfiguration section */
		4095D2ED27A4913600534A47 /* Debug */ = {
			isa = XCBuildConfiguration;
			buildSettings = {
				BUNDLE_LOADER = "$(TEST_HOST)";
				CLANG_CXX_LANGUAGE_STANDARD = "gnu++17";
				CLANG_ENABLE_MODULES = YES;
				CODE_SIGN_STYLE = Automatic;
				CURRENT_PROJECT_VERSION = 1;
				DEVELOPMENT_TEAM = G7YAMEJH7M;
				GENERATE_INFOPLIST_FILE = YES;
				IPHONEOS_DEPLOYMENT_TARGET = 15.0;
				LD_RUNPATH_SEARCH_PATHS = (
					"$(inherited)",
					"@executable_path/Frameworks",
					"@loader_path/Frameworks",
				);
				MARKETING_VERSION = 1.0;
				PRODUCT_BUNDLE_IDENTIFIER = lfcj.EssentialFeedAPIEndToEndTests;
				PRODUCT_NAME = "$(TARGET_NAME)";
				SWIFT_EMIT_LOC_STRINGS = NO;
				SWIFT_OPTIMIZATION_LEVEL = "-Onone";
				SWIFT_VERSION = 5.0;
				TARGETED_DEVICE_FAMILY = "1,2";
				TEST_HOST = "$(BUILT_PRODUCTS_DIR)/EssentialFeed.app/EssentialFeed";
			};
			name = Debug;
		};
		4095D2EE27A4913600534A47 /* Release */ = {
			isa = XCBuildConfiguration;
			buildSettings = {
				BUNDLE_LOADER = "$(TEST_HOST)";
				CLANG_CXX_LANGUAGE_STANDARD = "gnu++17";
				CLANG_ENABLE_MODULES = YES;
				CODE_SIGN_STYLE = Automatic;
				CURRENT_PROJECT_VERSION = 1;
				DEVELOPMENT_TEAM = G7YAMEJH7M;
				GENERATE_INFOPLIST_FILE = YES;
				IPHONEOS_DEPLOYMENT_TARGET = 15.0;
				LD_RUNPATH_SEARCH_PATHS = (
					"$(inherited)",
					"@executable_path/Frameworks",
					"@loader_path/Frameworks",
				);
				MARKETING_VERSION = 1.0;
				PRODUCT_BUNDLE_IDENTIFIER = lfcj.EssentialFeedAPIEndToEndTests;
				PRODUCT_NAME = "$(TARGET_NAME)";
				SWIFT_EMIT_LOC_STRINGS = NO;
				SWIFT_VERSION = 5.0;
				TARGETED_DEVICE_FAMILY = "1,2";
				TEST_HOST = "$(BUILT_PRODUCTS_DIR)/EssentialFeed.app/EssentialFeed";
			};
			name = Release;
		};
		847B78A926F67363006D62DC /* Debug */ = {
			isa = XCBuildConfiguration;
			buildSettings = {
				ALWAYS_SEARCH_USER_PATHS = NO;
				CLANG_ANALYZER_NONNULL = YES;
				CLANG_ANALYZER_NUMBER_OBJECT_CONVERSION = YES_AGGRESSIVE;
				CLANG_CXX_LANGUAGE_STANDARD = "gnu++14";
				CLANG_CXX_LIBRARY = "libc++";
				CLANG_ENABLE_MODULES = YES;
				CLANG_ENABLE_OBJC_ARC = YES;
				CLANG_ENABLE_OBJC_WEAK = YES;
				CLANG_WARN_BLOCK_CAPTURE_AUTORELEASING = YES;
				CLANG_WARN_BOOL_CONVERSION = YES;
				CLANG_WARN_COMMA = YES;
				CLANG_WARN_CONSTANT_CONVERSION = YES;
				CLANG_WARN_DEPRECATED_OBJC_IMPLEMENTATIONS = YES;
				CLANG_WARN_DIRECT_OBJC_ISA_USAGE = YES_ERROR;
				CLANG_WARN_DOCUMENTATION_COMMENTS = YES;
				CLANG_WARN_EMPTY_BODY = YES;
				CLANG_WARN_ENUM_CONVERSION = YES;
				CLANG_WARN_INFINITE_RECURSION = YES;
				CLANG_WARN_INT_CONVERSION = YES;
				CLANG_WARN_NON_LITERAL_NULL_CONVERSION = YES;
				CLANG_WARN_OBJC_IMPLICIT_RETAIN_SELF = YES;
				CLANG_WARN_OBJC_LITERAL_CONVERSION = YES;
				CLANG_WARN_OBJC_ROOT_CLASS = YES_ERROR;
				CLANG_WARN_QUOTED_INCLUDE_IN_FRAMEWORK_HEADER = YES;
				CLANG_WARN_RANGE_LOOP_ANALYSIS = YES;
				CLANG_WARN_STRICT_PROTOTYPES = YES;
				CLANG_WARN_SUSPICIOUS_MOVE = YES;
				CLANG_WARN_UNGUARDED_AVAILABILITY = YES_AGGRESSIVE;
				CLANG_WARN_UNREACHABLE_CODE = YES;
				CLANG_WARN__DUPLICATE_METHOD_MATCH = YES;
				COPY_PHASE_STRIP = NO;
				DEBUG_INFORMATION_FORMAT = dwarf;
				ENABLE_STRICT_OBJC_MSGSEND = YES;
				ENABLE_TESTABILITY = YES;
				GCC_C_LANGUAGE_STANDARD = gnu11;
				GCC_DYNAMIC_NO_PIC = NO;
				GCC_NO_COMMON_BLOCKS = YES;
				GCC_OPTIMIZATION_LEVEL = 0;
				GCC_PREPROCESSOR_DEFINITIONS = (
					"DEBUG=1",
					"$(inherited)",
				);
				GCC_WARN_64_TO_32_BIT_CONVERSION = YES;
				GCC_WARN_ABOUT_RETURN_TYPE = YES_ERROR;
				GCC_WARN_UNDECLARED_SELECTOR = YES;
				GCC_WARN_UNINITIALIZED_AUTOS = YES_AGGRESSIVE;
				GCC_WARN_UNUSED_FUNCTION = YES;
				GCC_WARN_UNUSED_VARIABLE = YES;
				IPHONEOS_DEPLOYMENT_TARGET = 14.5;
				MTL_ENABLE_DEBUG_INFO = INCLUDE_SOURCE;
				MTL_FAST_MATH = YES;
				ONLY_ACTIVE_ARCH = YES;
				SDKROOT = iphoneos;
				SWIFT_ACTIVE_COMPILATION_CONDITIONS = DEBUG;
				SWIFT_OPTIMIZATION_LEVEL = "-Onone";
			};
			name = Debug;
		};
		847B78AA26F67363006D62DC /* Release */ = {
			isa = XCBuildConfiguration;
			buildSettings = {
				ALWAYS_SEARCH_USER_PATHS = NO;
				CLANG_ANALYZER_NONNULL = YES;
				CLANG_ANALYZER_NUMBER_OBJECT_CONVERSION = YES_AGGRESSIVE;
				CLANG_CXX_LANGUAGE_STANDARD = "gnu++14";
				CLANG_CXX_LIBRARY = "libc++";
				CLANG_ENABLE_MODULES = YES;
				CLANG_ENABLE_OBJC_ARC = YES;
				CLANG_ENABLE_OBJC_WEAK = YES;
				CLANG_WARN_BLOCK_CAPTURE_AUTORELEASING = YES;
				CLANG_WARN_BOOL_CONVERSION = YES;
				CLANG_WARN_COMMA = YES;
				CLANG_WARN_CONSTANT_CONVERSION = YES;
				CLANG_WARN_DEPRECATED_OBJC_IMPLEMENTATIONS = YES;
				CLANG_WARN_DIRECT_OBJC_ISA_USAGE = YES_ERROR;
				CLANG_WARN_DOCUMENTATION_COMMENTS = YES;
				CLANG_WARN_EMPTY_BODY = YES;
				CLANG_WARN_ENUM_CONVERSION = YES;
				CLANG_WARN_INFINITE_RECURSION = YES;
				CLANG_WARN_INT_CONVERSION = YES;
				CLANG_WARN_NON_LITERAL_NULL_CONVERSION = YES;
				CLANG_WARN_OBJC_IMPLICIT_RETAIN_SELF = YES;
				CLANG_WARN_OBJC_LITERAL_CONVERSION = YES;
				CLANG_WARN_OBJC_ROOT_CLASS = YES_ERROR;
				CLANG_WARN_QUOTED_INCLUDE_IN_FRAMEWORK_HEADER = YES;
				CLANG_WARN_RANGE_LOOP_ANALYSIS = YES;
				CLANG_WARN_STRICT_PROTOTYPES = YES;
				CLANG_WARN_SUSPICIOUS_MOVE = YES;
				CLANG_WARN_UNGUARDED_AVAILABILITY = YES_AGGRESSIVE;
				CLANG_WARN_UNREACHABLE_CODE = YES;
				CLANG_WARN__DUPLICATE_METHOD_MATCH = YES;
				COPY_PHASE_STRIP = NO;
				DEBUG_INFORMATION_FORMAT = "dwarf-with-dsym";
				ENABLE_NS_ASSERTIONS = NO;
				ENABLE_STRICT_OBJC_MSGSEND = YES;
				GCC_C_LANGUAGE_STANDARD = gnu11;
				GCC_NO_COMMON_BLOCKS = YES;
				GCC_WARN_64_TO_32_BIT_CONVERSION = YES;
				GCC_WARN_ABOUT_RETURN_TYPE = YES_ERROR;
				GCC_WARN_UNDECLARED_SELECTOR = YES;
				GCC_WARN_UNINITIALIZED_AUTOS = YES_AGGRESSIVE;
				GCC_WARN_UNUSED_FUNCTION = YES;
				GCC_WARN_UNUSED_VARIABLE = YES;
				IPHONEOS_DEPLOYMENT_TARGET = 14.5;
				MTL_ENABLE_DEBUG_INFO = NO;
				MTL_FAST_MATH = YES;
				SDKROOT = iphoneos;
				SWIFT_COMPILATION_MODE = wholemodule;
				SWIFT_OPTIMIZATION_LEVEL = "-O";
				VALIDATE_PRODUCT = YES;
			};
			name = Release;
		};
		847B78AC26F67363006D62DC /* Debug */ = {
			isa = XCBuildConfiguration;
			buildSettings = {
				ASSETCATALOG_COMPILER_APPICON_NAME = AppIcon;
				ASSETCATALOG_COMPILER_GLOBAL_ACCENT_COLOR_NAME = AccentColor;
				CODE_SIGN_STYLE = Automatic;
				DEVELOPMENT_TEAM = G7YAMEJH7M;
				INFOPLIST_FILE = EssentialFeed/Info.plist;
				LD_RUNPATH_SEARCH_PATHS = (
					"$(inherited)",
					"@executable_path/Frameworks",
				);
				PRODUCT_BUNDLE_IDENTIFIER = com.lfcj.EssentialFeed;
				PRODUCT_NAME = "$(TARGET_NAME)";
				SWIFT_VERSION = 5.0;
				TARGETED_DEVICE_FAMILY = "1,2";
			};
			name = Debug;
		};
		847B78AD26F67363006D62DC /* Release */ = {
			isa = XCBuildConfiguration;
			buildSettings = {
				ASSETCATALOG_COMPILER_APPICON_NAME = AppIcon;
				ASSETCATALOG_COMPILER_GLOBAL_ACCENT_COLOR_NAME = AccentColor;
				CODE_SIGN_STYLE = Automatic;
				DEVELOPMENT_TEAM = G7YAMEJH7M;
				INFOPLIST_FILE = EssentialFeed/Info.plist;
				LD_RUNPATH_SEARCH_PATHS = (
					"$(inherited)",
					"@executable_path/Frameworks",
				);
				PRODUCT_BUNDLE_IDENTIFIER = com.lfcj.EssentialFeed;
				PRODUCT_NAME = "$(TARGET_NAME)";
				SWIFT_VERSION = 5.0;
				TARGETED_DEVICE_FAMILY = "1,2";
			};
			name = Release;
		};
		847B78AF26F67363006D62DC /* Debug */ = {
			isa = XCBuildConfiguration;
			buildSettings = {
				ALWAYS_EMBED_SWIFT_STANDARD_LIBRARIES = YES;
				BUNDLE_LOADER = "$(TEST_HOST)";
				CODE_SIGN_STYLE = Automatic;
				DEVELOPMENT_TEAM = G7YAMEJH7M;
				INFOPLIST_FILE = EssentialFeedTests/Info.plist;
				IPHONEOS_DEPLOYMENT_TARGET = 14.5;
				LD_RUNPATH_SEARCH_PATHS = (
					"$(inherited)",
					"@executable_path/Frameworks",
					"@loader_path/Frameworks",
				);
				PRODUCT_BUNDLE_IDENTIFIER = com.lfcj.EssentialFeedTests;
				PRODUCT_NAME = "$(TARGET_NAME)";
				SWIFT_VERSION = 5.0;
				TARGETED_DEVICE_FAMILY = "1,2";
				TEST_HOST = "$(BUILT_PRODUCTS_DIR)/EssentialFeed.app/EssentialFeed";
			};
			name = Debug;
		};
		847B78B026F67363006D62DC /* Release */ = {
			isa = XCBuildConfiguration;
			buildSettings = {
				ALWAYS_EMBED_SWIFT_STANDARD_LIBRARIES = YES;
				BUNDLE_LOADER = "$(TEST_HOST)";
				CODE_SIGN_STYLE = Automatic;
				DEVELOPMENT_TEAM = G7YAMEJH7M;
				INFOPLIST_FILE = EssentialFeedTests/Info.plist;
				IPHONEOS_DEPLOYMENT_TARGET = 14.5;
				LD_RUNPATH_SEARCH_PATHS = (
					"$(inherited)",
					"@executable_path/Frameworks",
					"@loader_path/Frameworks",
				);
				PRODUCT_BUNDLE_IDENTIFIER = com.lfcj.EssentialFeedTests;
				PRODUCT_NAME = "$(TARGET_NAME)";
				SWIFT_VERSION = 5.0;
				TARGETED_DEVICE_FAMILY = "1,2";
				TEST_HOST = "$(BUILT_PRODUCTS_DIR)/EssentialFeed.app/EssentialFeed";
			};
			name = Release;
		};
		847B78B226F67363006D62DC /* Debug */ = {
			isa = XCBuildConfiguration;
			buildSettings = {
				ALWAYS_EMBED_SWIFT_STANDARD_LIBRARIES = YES;
				CODE_SIGN_STYLE = Automatic;
				DEVELOPMENT_TEAM = G7YAMEJH7M;
				INFOPLIST_FILE = EssentialFeedUITests/Info.plist;
				LD_RUNPATH_SEARCH_PATHS = (
					"$(inherited)",
					"@executable_path/Frameworks",
					"@loader_path/Frameworks",
				);
				PRODUCT_BUNDLE_IDENTIFIER = com.lfcj.EssentialFeedUITests;
				PRODUCT_NAME = "$(TARGET_NAME)";
				SWIFT_VERSION = 5.0;
				TARGETED_DEVICE_FAMILY = "1,2";
				TEST_TARGET_NAME = EssentialFeed;
			};
			name = Debug;
		};
		847B78B326F67363006D62DC /* Release */ = {
			isa = XCBuildConfiguration;
			buildSettings = {
				ALWAYS_EMBED_SWIFT_STANDARD_LIBRARIES = YES;
				CODE_SIGN_STYLE = Automatic;
				DEVELOPMENT_TEAM = G7YAMEJH7M;
				INFOPLIST_FILE = EssentialFeedUITests/Info.plist;
				LD_RUNPATH_SEARCH_PATHS = (
					"$(inherited)",
					"@executable_path/Frameworks",
					"@loader_path/Frameworks",
				);
				PRODUCT_BUNDLE_IDENTIFIER = com.lfcj.EssentialFeedUITests;
				PRODUCT_NAME = "$(TARGET_NAME)";
				SWIFT_VERSION = 5.0;
				TARGETED_DEVICE_FAMILY = "1,2";
				TEST_TARGET_NAME = EssentialFeed;
			};
			name = Release;
		};
/* End XCBuildConfiguration section */

/* Begin XCConfigurationList section */
		4095D2EF27A4913600534A47 /* Build configuration list for PBXNativeTarget "EssentialFeedAPIEndToEndTests" */ = {
			isa = XCConfigurationList;
			buildConfigurations = (
				4095D2ED27A4913600534A47 /* Debug */,
				4095D2EE27A4913600534A47 /* Release */,
			);
			defaultConfigurationIsVisible = 0;
			defaultConfigurationName = Release;
		};
		847B787C26F67362006D62DC /* Build configuration list for PBXProject "EssentialFeed" */ = {
			isa = XCConfigurationList;
			buildConfigurations = (
				847B78A926F67363006D62DC /* Debug */,
				847B78AA26F67363006D62DC /* Release */,
			);
			defaultConfigurationIsVisible = 0;
			defaultConfigurationName = Release;
		};
		847B78AB26F67363006D62DC /* Build configuration list for PBXNativeTarget "EssentialFeed" */ = {
			isa = XCConfigurationList;
			buildConfigurations = (
				847B78AC26F67363006D62DC /* Debug */,
				847B78AD26F67363006D62DC /* Release */,
			);
			defaultConfigurationIsVisible = 0;
			defaultConfigurationName = Release;
		};
		847B78AE26F67363006D62DC /* Build configuration list for PBXNativeTarget "EssentialFeedTests" */ = {
			isa = XCConfigurationList;
			buildConfigurations = (
				847B78AF26F67363006D62DC /* Debug */,
				847B78B026F67363006D62DC /* Release */,
			);
			defaultConfigurationIsVisible = 0;
			defaultConfigurationName = Release;
		};
		847B78B126F67363006D62DC /* Build configuration list for PBXNativeTarget "EssentialFeedUITests" */ = {
			isa = XCConfigurationList;
			buildConfigurations = (
				847B78B226F67363006D62DC /* Debug */,
				847B78B326F67363006D62DC /* Release */,
			);
			defaultConfigurationIsVisible = 0;
			defaultConfigurationName = Release;
		};
/* End XCConfigurationList section */
	};
	rootObject = 847B787926F67362006D62DC /* Project object */;
}
